
Microsoft Visual Studio Solution File, Format Version 12.00
# Visual Studio Version 16
VisualStudioVersion = 16.0.31019.35
MinimumVisualStudioVersion = 10.0.40219.1
Project("{FAE04EC0-301F-11D3-BF4B-00C04F79EFBC}") = "Game_Shop", "Game_Shop\Game_Shop.csproj", "{34A0C15F-DE0D-442A-9C80-3002C0682396}"
EndProject
Global
	GlobalSection(SolutionConfigurationPlatforms) = preSolution
		Debug|Any CPU = Debug|Any CPU
		Release|Any CPU = Release|Any CPU
	EndGlobalSection
	GlobalSection(ProjectConfigurationPlatforms) = postSolution
		{34A0C15F-DE0D-442A-9C80-3002C0682396}.Debug|Any CPU.ActiveCfg = Debug|Any CPU
		{34A0C15F-DE0D-442A-9C80-3002C0682396}.Debug|Any CPU.Build.0 = Debug|Any CPU
		{34A0C15F-DE0D-442A-9C80-3002C0682396}.Release|Any CPU.ActiveCfg = Release|Any CPU
		{34A0C15F-DE0D-442A-9C80-3002C0682396}.Release|Any CPU.Build.0 = Release|Any CPU
	EndGlobalSection
	GlobalSection(SolutionProperties) = preSolution
		HideSolutionNode = FALSE
	EndGlobalSection
	GlobalSection(ExtensibilityGlobals) = postSolution
		SolutionGuid = {0A48FBD3-D81B-421E-9CD7-65AC7977002C}
	EndGlobalSection
EndGlobal
